
Microsoft Visual Studio Solution File, Format Version 12.00
# Visual Studio Version 16
VisualStudioVersion = 16.0.30002.166
MinimumVisualStudioVersion = 10.0.40219.1
Project("{FAE04EC0-301F-11D3-BF4B-00C04F79EFBC}") = "WhiteboardCSharp", "WhiteboardCSharp\WhiteboardCSharp.csproj", "{C6C50E03-FCDA-4FF3-80F9-BAEB28314A24}"
EndProject
Project("{FAE04EC0-301F-11D3-BF4B-00C04F79EFBC}") = "WhiteboardCSharp_Test", "WhiteboardCSharp_Test\WhiteboardCSharp_Test.csproj", "{56B4BBDC-31EF-4636-88A6-B3D52FD8CBD2}"
EndProject
Global
	GlobalSection(SolutionConfigurationPlatforms) = preSolution
		Debug|Any CPU = Debug|Any CPU
		Release|Any CPU = Release|Any CPU
	EndGlobalSection
	GlobalSection(ProjectConfigurationPlatforms) = postSolution
		{C6C50E03-FCDA-4FF3-80F9-BAEB28314A24}.Debug|Any CPU.ActiveCfg = Debug|Any CPU
		{C6C50E03-FCDA-4FF3-80F9-BAEB28314A24}.Debug|Any CPU.Build.0 = Debug|Any CPU
		{C6C50E03-FCDA-4FF3-80F9-BAEB28314A24}.Release|Any CPU.ActiveCfg = Release|Any CPU
		{C6C50E03-FCDA-4FF3-80F9-BAEB28314A24}.Release|Any CPU.Build.0 = Release|Any CPU
		{56B4BBDC-31EF-4636-88A6-B3D52FD8CBD2}.Debug|Any CPU.ActiveCfg = Debug|Any CPU
		{56B4BBDC-31EF-4636-88A6-B3D52FD8CBD2}.Debug|Any CPU.Build.0 = Debug|Any CPU
		{56B4BBDC-31EF-4636-88A6-B3D52FD8CBD2}.Release|Any CPU.ActiveCfg = Release|Any CPU
		{56B4BBDC-31EF-4636-88A6-B3D52FD8CBD2}.Release|Any CPU.Build.0 = Release|Any CPU
	EndGlobalSection
	GlobalSection(SolutionProperties) = preSolution
		HideSolutionNode = FALSE
	EndGlobalSection
	GlobalSection(ExtensibilityGlobals) = postSolution
		SolutionGuid = {C1F1348C-CC79-41B1-9C29-CC8AD71B4BB0}
	EndGlobalSection
EndGlobal
